
Microsoft Visual Studio Solution File, Format Version 12.00
# Visual Studio 14
VisualStudioVersion = 14.0.23107.0
MinimumVisualStudioVersion = 10.0.40219.1
Project("{8BC9CEB8-8B4A-11D0-8D11-00A0C91BC942}") = "lz4-r127", "External\LZ4\lz4-r127.vcxproj", "{DF7FB120-E8D2-4E92-82CC-4A571E2393E9}"
EndProject
Project("{8BC9CEB8-8B4A-11D0-8D11-00A0C91BC942}") = "CoreTest", "Code\Core\CoreTest\CoreTest.vcxproj", "{29CAECA7-534B-459B-A371-39D22F7060BC}"
	ProjectSection(ProjectDependencies) = postProject
		{61BC3C07-6582-4715-91E8-E1335CA2F3DE} = {61BC3C07-6582-4715-91E8-E1335CA2F3DE}
		{DF7FB120-E8D2-4E92-82CC-4A571E2393E9} = {DF7FB120-E8D2-4E92-82CC-4A571E2393E9}
		{01CE8439-2F75-4020-A487-EAEFDC8B5DDE} = {01CE8439-2F75-4020-A487-EAEFDC8B5DDE}
	EndProjectSection
EndProject
Project("{8BC9CEB8-8B4A-11D0-8D11-00A0C91BC942}") = "Core", "Code\Core\Core.vcxproj", "{01CE8439-2F75-4020-A487-EAEFDC8B5DDE}"
EndProject
Project("{2150E333-8FDC-42A3-9474-1A3956D46DE8}") = "Tools", "Tools", "{F0C725CE-6284-40B9-8F2C-1E590441E6B3}"
EndProject
Project("{2150E333-8FDC-42A3-9474-1A3956D46DE8}") = "FBuild", "FBuild", "{38CC00B6-84A9-4520-9FDC-418F8C39C91B}"
EndProject
Project("{8BC9CEB8-8B4A-11D0-8D11-00A0C91BC942}") = "FBuildApp", "Code\Tools\FBuild\FBuildApp\FBuildApp.vcxproj", "{05FC9FA3-FE1F-4F76-BB02-7F08509A3257}"
	ProjectSection(ProjectDependencies) = postProject
		{61BC3C07-6582-4715-91E8-E1335CA2F3DE} = {61BC3C07-6582-4715-91E8-E1335CA2F3DE}
		{DF7FB120-E8D2-4E92-82CC-4A571E2393E9} = {DF7FB120-E8D2-4E92-82CC-4A571E2393E9}
		{01CE8439-2F75-4020-A487-EAEFDC8B5DDE} = {01CE8439-2F75-4020-A487-EAEFDC8B5DDE}
		{3F70AF47-108A-4DB2-994E-1C327F8A0F5B} = {3F70AF47-108A-4DB2-994E-1C327F8A0F5B}
	EndProjectSection
EndProject
Project("{8BC9CEB8-8B4A-11D0-8D11-00A0C91BC942}") = "FBuildCore", "Code\Tools\FBuild\FBuildCore\FBuildCore.vcxproj", "{3F70AF47-108A-4DB2-994E-1C327F8A0F5B}"
EndProject
Project("{2150E333-8FDC-42A3-9474-1A3956D46DE8}") = "External", "External", "{08B8F5CC-5D84-4816-94B6-BD3DD1189A1B}"
EndProject
Project("{2150E333-8FDC-42A3-9474-1A3956D46DE8}") = "Code", "Code", "{641F029F-4194-4B7A-9ADC-F1A838E94184}"
EndProject
Project("{8BC9CEB8-8B4A-11D0-8D11-00A0C91BC942}") = "TestFramework", "Code\TestFramework\TestFramework.vcxproj", "{61BC3C07-6582-4715-91E8-E1335CA2F3DE}"
EndProject
Project("{8BC9CEB8-8B4A-11D0-8D11-00A0C91BC942}") = "FBuildTest", "Code\Tools\FBuild\FBuildTest\FBuildTest.vcxproj", "{D462A655-CCC6-4F7D-91E4-89C87D0DEA5D}"
	ProjectSection(ProjectDependencies) = postProject
		{61BC3C07-6582-4715-91E8-E1335CA2F3DE} = {61BC3C07-6582-4715-91E8-E1335CA2F3DE}
		{DF7FB120-E8D2-4E92-82CC-4A571E2393E9} = {DF7FB120-E8D2-4E92-82CC-4A571E2393E9}
		{01CE8439-2F75-4020-A487-EAEFDC8B5DDE} = {01CE8439-2F75-4020-A487-EAEFDC8B5DDE}
		{3F70AF47-108A-4DB2-994E-1C327F8A0F5B} = {3F70AF47-108A-4DB2-994E-1C327F8A0F5B}
	EndProjectSection
EndProject
Project("{8BC9CEB8-8B4A-11D0-8D11-00A0C91BC942}") = "FBuildWorker", "Code\Tools\FBuild\FBuildWorker\FBuildWorker.vcxproj", "{089CF25C-D060-4697-8028-E9F47F19EE7B}"
	ProjectSection(ProjectDependencies) = postProject
		{DF7FB120-E8D2-4E92-82CC-4A571E2393E9} = {DF7FB120-E8D2-4E92-82CC-4A571E2393E9}
		{01CE8439-2F75-4020-A487-EAEFDC8B5DDE} = {01CE8439-2F75-4020-A487-EAEFDC8B5DDE}
		{3F70AF47-108A-4DB2-994E-1C327F8A0F5B} = {3F70AF47-108A-4DB2-994E-1C327F8A0F5B}
	EndProjectSection
EndProject
Global
	GlobalSection(SolutionConfigurationPlatforms) = preSolution
		Debug|x64 = Debug|x64
		Debug|x86 = Debug|x86
		Release|x64 = Release|x64
		Release|x86 = Release|x86
	EndGlobalSection
	GlobalSection(ProjectConfigurationPlatforms) = postSolution
		{DF7FB120-E8D2-4E92-82CC-4A571E2393E9}.Debug|x64.ActiveCfg = Debug|x64
		{DF7FB120-E8D2-4E92-82CC-4A571E2393E9}.Debug|x64.Build.0 = Debug|x64
		{DF7FB120-E8D2-4E92-82CC-4A571E2393E9}.Debug|x86.ActiveCfg = Debug|Win32
		{DF7FB120-E8D2-4E92-82CC-4A571E2393E9}.Debug|x86.Build.0 = Debug|Win32
		{DF7FB120-E8D2-4E92-82CC-4A571E2393E9}.Release|x64.ActiveCfg = Release|x64
		{DF7FB120-E8D2-4E92-82CC-4A571E2393E9}.Release|x64.Build.0 = Release|x64
		{DF7FB120-E8D2-4E92-82CC-4A571E2393E9}.Release|x86.ActiveCfg = Release|Win32
		{DF7FB120-E8D2-4E92-82CC-4A571E2393E9}.Release|x86.Build.0 = Release|Win32
		{29CAECA7-534B-459B-A371-39D22F7060BC}.Debug|x64.ActiveCfg = Debug|x64
		{29CAECA7-534B-459B-A371-39D22F7060BC}.Debug|x64.Build.0 = Debug|x64
		{29CAECA7-534B-459B-A371-39D22F7060BC}.Debug|x86.ActiveCfg = Debug|Win32
		{29CAECA7-534B-459B-A371-39D22F7060BC}.Debug|x86.Build.0 = Debug|Win32
		{29CAECA7-534B-459B-A371-39D22F7060BC}.Release|x64.ActiveCfg = Release|x64
		{29CAECA7-534B-459B-A371-39D22F7060BC}.Release|x64.Build.0 = Release|x64
		{29CAECA7-534B-459B-A371-39D22F7060BC}.Release|x86.ActiveCfg = Release|Win32
		{29CAECA7-534B-459B-A371-39D22F7060BC}.Release|x86.Build.0 = Release|Win32
		{01CE8439-2F75-4020-A487-EAEFDC8B5DDE}.Debug|x64.ActiveCfg = Debug|x64
		{01CE8439-2F75-4020-A487-EAEFDC8B5DDE}.Debug|x64.Build.0 = Debug|x64
		{01CE8439-2F75-4020-A487-EAEFDC8B5DDE}.Debug|x86.ActiveCfg = Debug|Win32
		{01CE8439-2F75-4020-A487-EAEFDC8B5DDE}.Debug|x86.Build.0 = Debug|Win32
		{01CE8439-2F75-4020-A487-EAEFDC8B5DDE}.Release|x64.ActiveCfg = Release|x64
		{01CE8439-2F75-4020-A487-EAEFDC8B5DDE}.Release|x64.Build.0 = Release|x64
		{01CE8439-2F75-4020-A487-EAEFDC8B5DDE}.Release|x86.ActiveCfg = Release|Win32
		{01CE8439-2F75-4020-A487-EAEFDC8B5DDE}.Release|x86.Build.0 = Release|Win32
		{05FC9FA3-FE1F-4F76-BB02-7F08509A3257}.Debug|x64.ActiveCfg = Debug|x64
		{05FC9FA3-FE1F-4F76-BB02-7F08509A3257}.Debug|x64.Build.0 = Debug|x64
		{05FC9FA3-FE1F-4F76-BB02-7F08509A3257}.Debug|x86.ActiveCfg = Debug|Win32
		{05FC9FA3-FE1F-4F76-BB02-7F08509A3257}.Debug|x86.Build.0 = Debug|Win32
		{05FC9FA3-FE1F-4F76-BB02-7F08509A3257}.Release|x64.ActiveCfg = Release|x64
		{05FC9FA3-FE1F-4F76-BB02-7F08509A3257}.Release|x64.Build.0 = Release|x64
		{05FC9FA3-FE1F-4F76-BB02-7F08509A3257}.Release|x86.ActiveCfg = Release|Win32
		{05FC9FA3-FE1F-4F76-BB02-7F08509A3257}.Release|x86.Build.0 = Release|Win32
		{3F70AF47-108A-4DB2-994E-1C327F8A0F5B}.Debug|x64.ActiveCfg = Debug|x64
		{3F70AF47-108A-4DB2-994E-1C327F8A0F5B}.Debug|x64.Build.0 = Debug|x64
		{3F70AF47-108A-4DB2-994E-1C327F8A0F5B}.Debug|x86.ActiveCfg = Debug|Win32
		{3F70AF47-108A-4DB2-994E-1C327F8A0F5B}.Debug|x86.Build.0 = Debug|Win32
		{3F70AF47-108A-4DB2-994E-1C327F8A0F5B}.Release|x64.ActiveCfg = Release|x64
		{3F70AF47-108A-4DB2-994E-1C327F8A0F5B}.Release|x64.Build.0 = Release|x64
		{3F70AF47-108A-4DB2-994E-1C327F8A0F5B}.Release|x86.ActiveCfg = Release|Win32
		{3F70AF47-108A-4DB2-994E-1C327F8A0F5B}.Release|x86.Build.0 = Release|Win32
		{61BC3C07-6582-4715-91E8-E1335CA2F3DE}.Debug|x64.ActiveCfg = Debug|x64
		{61BC3C07-6582-4715-91E8-E1335CA2F3DE}.Debug|x64.Build.0 = Debug|x64
		{61BC3C07-6582-4715-91E8-E1335CA2F3DE}.Debug|x86.ActiveCfg = Debug|Win32
		{61BC3C07-6582-4715-91E8-E1335CA2F3DE}.Debug|x86.Build.0 = Debug|Win32
		{61BC3C07-6582-4715-91E8-E1335CA2F3DE}.Release|x64.ActiveCfg = Release|x64
		{61BC3C07-6582-4715-91E8-E1335CA2F3DE}.Release|x64.Build.0 = Release|x64
		{61BC3C07-6582-4715-91E8-E1335CA2F3DE}.Release|x86.ActiveCfg = Release|Win32
		{61BC3C07-6582-4715-91E8-E1335CA2F3DE}.Release|x86.Build.0 = Release|Win32
		{D462A655-CCC6-4F7D-91E4-89C87D0DEA5D}.Debug|x64.ActiveCfg = Debug|x64
		{D462A655-CCC6-4F7D-91E4-89C87D0DEA5D}.Debug|x86.ActiveCfg = Debug|Win32
		{D462A655-CCC6-4F7D-91E4-89C87D0DEA5D}.Release|x64.ActiveCfg = Release|x64
		{D462A655-CCC6-4F7D-91E4-89C87D0DEA5D}.Release|x86.ActiveCfg = Release|Win32
		{089CF25C-D060-4697-8028-E9F47F19EE7B}.Debug|x64.ActiveCfg = Debug|x64
		{089CF25C-D060-4697-8028-E9F47F19EE7B}.Debug|x64.Build.0 = Debug|x64
		{089CF25C-D060-4697-8028-E9F47F19EE7B}.Debug|x86.ActiveCfg = Debug|Win32
		{089CF25C-D060-4697-8028-E9F47F19EE7B}.Debug|x86.Build.0 = Debug|Win32
		{089CF25C-D060-4697-8028-E9F47F19EE7B}.Release|x64.ActiveCfg = Release|x64
		{089CF25C-D060-4697-8028-E9F47F19EE7B}.Release|x64.Build.0 = Release|x64
		{089CF25C-D060-4697-8028-E9F47F19EE7B}.Release|x86.ActiveCfg = Release|Win32
		{089CF25C-D060-4697-8028-E9F47F19EE7B}.Release|x86.Build.0 = Release|Win32
	EndGlobalSection
	GlobalSection(SolutionProperties) = preSolution
		HideSolutionNode = FALSE
	EndGlobalSection
	GlobalSection(NestedProjects) = preSolution
		{DF7FB120-E8D2-4E92-82CC-4A571E2393E9} = {08B8F5CC-5D84-4816-94B6-BD3DD1189A1B}
		{29CAECA7-534B-459B-A371-39D22F7060BC} = {641F029F-4194-4B7A-9ADC-F1A838E94184}
		{01CE8439-2F75-4020-A487-EAEFDC8B5DDE} = {641F029F-4194-4B7A-9ADC-F1A838E94184}
		{38CC00B6-84A9-4520-9FDC-418F8C39C91B} = {F0C725CE-6284-40B9-8F2C-1E590441E6B3}
		{05FC9FA3-FE1F-4F76-BB02-7F08509A3257} = {38CC00B6-84A9-4520-9FDC-418F8C39C91B}
		{3F70AF47-108A-4DB2-994E-1C327F8A0F5B} = {38CC00B6-84A9-4520-9FDC-418F8C39C91B}
		{61BC3C07-6582-4715-91E8-E1335CA2F3DE} = {641F029F-4194-4B7A-9ADC-F1A838E94184}
		{D462A655-CCC6-4F7D-91E4-89C87D0DEA5D} = {38CC00B6-84A9-4520-9FDC-418F8C39C91B}
		{089CF25C-D060-4697-8028-E9F47F19EE7B} = {38CC00B6-84A9-4520-9FDC-418F8C39C91B}
	EndGlobalSection
EndGlobal
